
Microsoft Visual Studio Solution File, Format Version 12.00
# Visual Studio 15
VisualStudioVersion = 15.0.26124.0
MinimumVisualStudioVersion = 15.0.26124.0
Project("{FAE04EC0-301F-11D3-BF4B-00C04F79EFBC}") = "Domain", "Domain\Domain.csproj", "{F68CB524-19BB-442E-8560-D1AFBD50B19D}"
EndProject
Project("{FAE04EC0-301F-11D3-BF4B-00C04F79EFBC}") = "Application", "Application\Application.csproj", "{870A63C4-BA61-419F-8C78-D56AB6CC6C70}"
EndProject
Project("{FAE04EC0-301F-11D3-BF4B-00C04F79EFBC}") = "Persistence", "Persistence\Persistence.csproj", "{D27CBE92-CF22-4407-AD52-D4A2A81B7B78}"
EndProject
Project("{FAE04EC0-301F-11D3-BF4B-00C04F79EFBC}") = "API", "API\API.csproj", "{60E2CE3E-90F0-4289-96C2-50B158CD3BE6}"
EndProject
Global
	GlobalSection(SolutionConfigurationPlatforms) = preSolution
		Debug|Any CPU = Debug|Any CPU
		Debug|x64 = Debug|x64
		Debug|x86 = Debug|x86
		Release|Any CPU = Release|Any CPU
		Release|x64 = Release|x64
		Release|x86 = Release|x86
	EndGlobalSection
	GlobalSection(SolutionProperties) = preSolution
		HideSolutionNode = FALSE
	EndGlobalSection
	GlobalSection(ProjectConfigurationPlatforms) = postSolution
		{F68CB524-19BB-442E-8560-D1AFBD50B19D}.Debug|Any CPU.ActiveCfg = Debug|Any CPU
		{F68CB524-19BB-442E-8560-D1AFBD50B19D}.Debug|Any CPU.Build.0 = Debug|Any CPU
		{F68CB524-19BB-442E-8560-D1AFBD50B19D}.Debug|x64.ActiveCfg = Debug|Any CPU
		{F68CB524-19BB-442E-8560-D1AFBD50B19D}.Debug|x64.Build.0 = Debug|Any CPU
		{F68CB524-19BB-442E-8560-D1AFBD50B19D}.Debug|x86.ActiveCfg = Debug|Any CPU
		{F68CB524-19BB-442E-8560-D1AFBD50B19D}.Debug|x86.Build.0 = Debug|Any CPU
		{F68CB524-19BB-442E-8560-D1AFBD50B19D}.Release|Any CPU.ActiveCfg = Release|Any CPU
		{F68CB524-19BB-442E-8560-D1AFBD50B19D}.Release|Any CPU.Build.0 = Release|Any CPU
		{F68CB524-19BB-442E-8560-D1AFBD50B19D}.Release|x64.ActiveCfg = Release|Any CPU
		{F68CB524-19BB-442E-8560-D1AFBD50B19D}.Release|x64.Build.0 = Release|Any CPU
		{F68CB524-19BB-442E-8560-D1AFBD50B19D}.Release|x86.ActiveCfg = Release|Any CPU
		{F68CB524-19BB-442E-8560-D1AFBD50B19D}.Release|x86.Build.0 = Release|Any CPU
		{870A63C4-BA61-419F-8C78-D56AB6CC6C70}.Debug|Any CPU.ActiveCfg = Debug|Any CPU
		{870A63C4-BA61-419F-8C78-D56AB6CC6C70}.Debug|Any CPU.Build.0 = Debug|Any CPU
		{870A63C4-BA61-419F-8C78-D56AB6CC6C70}.Debug|x64.ActiveCfg = Debug|Any CPU
		{870A63C4-BA61-419F-8C78-D56AB6CC6C70}.Debug|x64.Build.0 = Debug|Any CPU
		{870A63C4-BA61-419F-8C78-D56AB6CC6C70}.Debug|x86.ActiveCfg = Debug|Any CPU
		{870A63C4-BA61-419F-8C78-D56AB6CC6C70}.Debug|x86.Build.0 = Debug|Any CPU
		{870A63C4-BA61-419F-8C78-D56AB6CC6C70}.Release|Any CPU.ActiveCfg = Release|Any CPU
		{870A63C4-BA61-419F-8C78-D56AB6CC6C70}.Release|Any CPU.Build.0 = Release|Any CPU
		{870A63C4-BA61-419F-8C78-D56AB6CC6C70}.Release|x64.ActiveCfg = Release|Any CPU
		{870A63C4-BA61-419F-8C78-D56AB6CC6C70}.Release|x64.Build.0 = Release|Any CPU
		{870A63C4-BA61-419F-8C78-D56AB6CC6C70}.Release|x86.ActiveCfg = Release|Any CPU
		{870A63C4-BA61-419F-8C78-D56AB6CC6C70}.Release|x86.Build.0 = Release|Any CPU
		{D27CBE92-CF22-4407-AD52-D4A2A81B7B78}.Debug|Any CPU.ActiveCfg = Debug|Any CPU
		{D27CBE92-CF22-4407-AD52-D4A2A81B7B78}.Debug|Any CPU.Build.0 = Debug|Any CPU
		{D27CBE92-CF22-4407-AD52-D4A2A81B7B78}.Debug|x64.ActiveCfg = Debug|Any CPU
		{D27CBE92-CF22-4407-AD52-D4A2A81B7B78}.Debug|x64.Build.0 = Debug|Any CPU
		{D27CBE92-CF22-4407-AD52-D4A2A81B7B78}.Debug|x86.ActiveCfg = Debug|Any CPU
		{D27CBE92-CF22-4407-AD52-D4A2A81B7B78}.Debug|x86.Build.0 = Debug|Any CPU
		{D27CBE92-CF22-4407-AD52-D4A2A81B7B78}.Release|Any CPU.ActiveCfg = Release|Any CPU
		{D27CBE92-CF22-4407-AD52-D4A2A81B7B78}.Release|Any CPU.Build.0 = Release|Any CPU
		{D27CBE92-CF22-4407-AD52-D4A2A81B7B78}.Release|x64.ActiveCfg = Release|Any CPU
		{D27CBE92-CF22-4407-AD52-D4A2A81B7B78}.Release|x64.Build.0 = Release|Any CPU
		{D27CBE92-CF22-4407-AD52-D4A2A81B7B78}.Release|x86.ActiveCfg = Release|Any CPU
		{D27CBE92-CF22-4407-AD52-D4A2A81B7B78}.Release|x86.Build.0 = Release|Any CPU
		{60E2CE3E-90F0-4289-96C2-50B158CD3BE6}.Debug|Any CPU.ActiveCfg = Debug|Any CPU
		{60E2CE3E-90F0-4289-96C2-50B158CD3BE6}.Debug|Any CPU.Build.0 = Debug|Any CPU
		{60E2CE3E-90F0-4289-96C2-50B158CD3BE6}.Debug|x64.ActiveCfg = Debug|Any CPU
		{60E2CE3E-90F0-4289-96C2-50B158CD3BE6}.Debug|x64.Build.0 = Debug|Any CPU
		{60E2CE3E-90F0-4289-96C2-50B158CD3BE6}.Debug|x86.ActiveCfg = Debug|Any CPU
		{60E2CE3E-90F0-4289-96C2-50B158CD3BE6}.Debug|x86.Build.0 = Debug|Any CPU
		{60E2CE3E-90F0-4289-96C2-50B158CD3BE6}.Release|Any CPU.ActiveCfg = Release|Any CPU
		{60E2CE3E-90F0-4289-96C2-50B158CD3BE6}.Release|Any CPU.Build.0 = Release|Any CPU
		{60E2CE3E-90F0-4289-96C2-50B158CD3BE6}.Release|x64.ActiveCfg = Release|Any CPU
		{60E2CE3E-90F0-4289-96C2-50B158CD3BE6}.Release|x64.Build.0 = Release|Any CPU
		{60E2CE3E-90F0-4289-96C2-50B158CD3BE6}.Release|x86.ActiveCfg = Release|Any CPU
		{60E2CE3E-90F0-4289-96C2-50B158CD3BE6}.Release|x86.Build.0 = Release|Any CPU
	EndGlobalSection
EndGlobal
